
Microsoft Visual Studio Solution File, Format Version 12.00
# Visual Studio Version 16
VisualStudioVersion = 16.0.31729.503
MinimumVisualStudioVersion = 10.0.40219.1
Project("{8BC9CEB8-8B4A-11D0-8D11-00A0C91BC942}") = "Task 1-1", "Task 1-1\Task 1-1.vcxproj", "{5BFDFEB1-8D5A-4116-A751-72F527A4A474}"
EndProject
Global
	GlobalSection(SolutionConfigurationPlatforms) = preSolution
		Debug|x64 = Debug|x64
		Debug|x86 = Debug|x86
		Release|x64 = Release|x64
		Release|x86 = Release|x86
	EndGlobalSection
	GlobalSection(ProjectConfigurationPlatforms) = postSolution
		{5BFDFEB1-8D5A-4116-A751-72F527A4A474}.Debug|x64.ActiveCfg = Debug|x64
		{5BFDFEB1-8D5A-4116-A751-72F527A4A474}.Debug|x64.Build.0 = Debug|x64
		{5BFDFEB1-8D5A-4116-A751-72F527A4A474}.Debug|x86.ActiveCfg = Debug|Win32
		{5BFDFEB1-8D5A-4116-A751-72F527A4A474}.Debug|x86.Build.0 = Debug|Win32
		{5BFDFEB1-8D5A-4116-A751-72F527A4A474}.Release|x64.ActiveCfg = Release|x64
		{5BFDFEB1-8D5A-4116-A751-72F527A4A474}.Release|x64.Build.0 = Release|x64
		{5BFDFEB1-8D5A-4116-A751-72F527A4A474}.Release|x86.ActiveCfg = Release|Win32
		{5BFDFEB1-8D5A-4116-A751-72F527A4A474}.Release|x86.Build.0 = Release|Win32
	EndGlobalSection
	GlobalSection(SolutionProperties) = preSolution
		HideSolutionNode = FALSE
	EndGlobalSection
	GlobalSection(ExtensibilityGlobals) = postSolution
		SolutionGuid = {89535934-481E-48EF-A640-5801328F988C}
	EndGlobalSection
EndGlobal
